// !$*UTF8*$!
{
	archiveVersion = 1;
	classes = {
	};
	objectVersion = 51;
	objects = {

/* Begin PBXBuildFile section */
		519E04A1230AA3B700DA3658 /* AppDelegate.swift in Sources */ = {isa = PBXBuildFile; fileRef = 519E04A0230AA3B700DA3658 /* AppDelegate.swift */; };
		519E04A3230AA3B700DA3658 /* ViewController.swift in Sources */ = {isa = PBXBuildFile; fileRef = 519E04A2230AA3B700DA3658 /* ViewController.swift */; };
		519E04A6230AA3B700DA3658 /* Main.storyboard in Resources */ = {isa = PBXBuildFile; fileRef = 519E04A4230AA3B700DA3658 /* Main.storyboard */; };
		519E04A8230AA3BB00DA3658 /* Assets.xcassets in Resources */ = {isa = PBXBuildFile; fileRef = 519E04A7230AA3BB00DA3658 /* Assets.xcassets */; };
		519E04AB230AA3BB00DA3658 /* LaunchScreen.storyboard in Resources */ = {isa = PBXBuildFile; fileRef = 519E04A9230AA3BB00DA3658 /* LaunchScreen.storyboard */; };
		FB2E2CA71875A4C2BDA3764E /* Pods_AFdemo.framework in Frameworks */ = {isa = PBXBuildFile; fileRef = BAA7BF642BEF8146293FE263 /* Pods_AFdemo.framework */; };
/* End PBXBuildFile section */

/* Begin PBXFileReference section */
		519E049D230AA3B700DA3658 /* AFdemo.app */ = {isa = PBXFileReference; explicitFileType = wrapper.application; includeInIndex = 0; path = AFdemo.app; sourceTree = BUILT_PRODUCTS_DIR; };
		519E04A0230AA3B700DA3658 /* AppDelegate.swift */ = {isa = PBXFileReference; lastKnownFileType = sourcecode.swift; path = AppDelegate.swift; sourceTree = "<group>"; };
		519E04A2230AA3B700DA3658 /* ViewController.swift */ = {isa = PBXFileReference; lastKnownFileType = sourcecode.swift; path = ViewController.swift; sourceTree = "<group>"; };
		519E04A5230AA3B700DA3658 /* Base */ = {isa = PBXFileReference; lastKnownFileType = file.storyboard; name = Base; path = Base.lproj/Main.storyboard; sourceTree = "<group>"; };
		519E04A7230AA3BB00DA3658 /* Assets.xcassets */ = {isa = PBXFileReference; lastKnownFileType = folder.assetcatalog; path = Assets.xcassets; sourceTree = "<group>"; };
		519E04AA230AA3BB00DA3658 /* Base */ = {isa = PBXFileReference; lastKnownFileType = file.storyboard; name = Base; path = Base.lproj/LaunchScreen.storyboard; sourceTree = "<group>"; };
		519E04AC230AA3BB00DA3658 /* Info.plist */ = {isa = PBXFileReference; lastKnownFileType = text.plist.xml; path = Info.plist; sourceTree = "<group>"; };
		5665A2391992B7A89B6BF3F1 /* Pods-AFdemo.release.xcconfig */ = {isa = PBXFileReference; includeInIndex = 1; lastKnownFileType = text.xcconfig; name = "Pods-AFdemo.release.xcconfig"; path = "Target Support Files/Pods-AFdemo/Pods-AFdemo.release.xcconfig"; sourceTree = "<group>"; };
		BAA7BF642BEF8146293FE263 /* Pods_AFdemo.framework */ = {isa = PBXFileReference; explicitFileType = wrapper.framework; includeInIndex = 0; path = Pods_AFdemo.framework; sourceTree = BUILT_PRODUCTS_DIR; };
		FFB2B3FDD75BE841012B3D8B /* Pods-AFdemo.debug.xcconfig */ = {isa = PBXFileReference; includeInIndex = 1; lastKnownFileType = text.xcconfig; name = "Pods-AFdemo.debug.xcconfig"; path = "Target Support Files/Pods-AFdemo/Pods-AFdemo.debug.xcconfig"; sourceTree = "<group>"; };
/* End PBXFileReference section */

/* Begin PBXFrameworksBuildPhase section */
		519E049A230AA3B700DA3658 /* Frameworks */ = {
			isa = PBXFrameworksBuildPhase;
			buildActionMask = 2147483647;
			files = (
				FB2E2CA71875A4C2BDA3764E /* Pods_AFdemo.framework in Frameworks */,
			);
			runOnlyForDeploymentPostprocessing = 0;
		};
/* End PBXFrameworksBuildPhase section */

/* Begin PBXGroup section */
		13F36EE7444437639DB27D5C /* Pods */ = {
			isa = PBXGroup;
			children = (
				FFB2B3FDD75BE841012B3D8B /* Pods-AFdemo.debug.xcconfig */,
				5665A2391992B7A89B6BF3F1 /* Pods-AFdemo.release.xcconfig */,
			);
			path = Pods;
			sourceTree = "<group>";
		};
		519E0494230AA3B700DA3658 = {
			isa = PBXGroup;
			children = (
				519E049F230AA3B700DA3658 /* AFdemo */,
				519E049E230AA3B700DA3658 /* Products */,
				13F36EE7444437639DB27D5C /* Pods */,
				BEEA0C55CAC29DA41C4971A1 /* Frameworks */,
			);
			sourceTree = "<group>";
		};
		519E049E230AA3B700DA3658 /* Products */ = {
			isa = PBXGroup;
			children = (
				519E049D230AA3B700DA3658 /* AFdemo.app */,
			);
			name = Products;
			sourceTree = "<group>";
		};
		519E049F230AA3B700DA3658 /* AFdemo */ = {
			isa = PBXGroup;
			children = (
				519E04A0230AA3B700DA3658 /* AppDelegate.swift */,
				519E04A2230AA3B700DA3658 /* ViewController.swift */,
				519E04A4230AA3B700DA3658 /* Main.storyboard */,
				519E04A7230AA3BB00DA3658 /* Assets.xcassets */,
				519E04A9230AA3BB00DA3658 /* LaunchScreen.storyboard */,
				519E04AC230AA3BB00DA3658 /* Info.plist */,
			);
			path = AFdemo;
			sourceTree = "<group>";
		};
		BEEA0C55CAC29DA41C4971A1 /* Frameworks */ = {
			isa = PBXGroup;
			children = (
				BAA7BF642BEF8146293FE263 /* Pods_AFdemo.framework */,
			);
			name = Frameworks;
			sourceTree = "<group>";
		};
/* End PBXGroup section */

/* Begin PBXNativeTarget section */
		519E049C230AA3B700DA3658 /* AFdemo */ = {
			isa = PBXNativeTarget;
			buildConfigurationList = 519E04AF230AA3BB00DA3658 /* Build configuration list for PBXNativeTarget "AFdemo" */;
			buildPhases = (
				6C430AE09B7C765ABB28E8BB /* [CP] Check Pods Manifest.lock */,
				519E0499230AA3B700DA3658 /* Sources */,
				519E049A230AA3B700DA3658 /* Frameworks */,
				519E049B230AA3B700DA3658 /* Resources */,
				3ABF694D5C4F044D1BDD4DF8 /* [CP] Embed Pods Frameworks */,
			);
			buildRules = (
			);
			dependencies = (
			);
			name = AFdemo;
			productName = AFdemo;
			productReference = 519E049D230AA3B700DA3658 /* AFdemo.app */;
			productType = "com.apple.product-type.application";
		};
/* End PBXNativeTarget section */

/* Begin PBXProject section */
		519E0495230AA3B700DA3658 /* Project object */ = {
			isa = PBXProject;
			attributes = {
				LastSwiftUpdateCheck = 1030;
				LastUpgradeCheck = 1030;
				ORGANIZATIONNAME = CodesRoom;
				TargetAttributes = {
					519E049C230AA3B700DA3658 = {
						CreatedOnToolsVersion = 10.3;
					};
				};
			};
			buildConfigurationList = 519E0498230AA3B700DA3658 /* Build configuration list for PBXProject "AFdemo" */;
			compatibilityVersion = "Xcode 9.3";
			developmentRegion = en;
			hasScannedForEncodings = 0;
			knownRegions = (
				en,
				Base,
			);
			mainGroup = 519E0494230AA3B700DA3658;
			productRefGroup = 519E049E230AA3B700DA3658 /* Products */;
			projectDirPath = "";
			projectRoot = "";
			targets = (
				519E049C230AA3B700DA3658 /* AFdemo */,
			);
		};
/* End PBXProject section */

/* Begin PBXResourcesBuildPhase section */
		519E049B230AA3B700DA3658 /* Resources */ = {
			isa = PBXResourcesBuildPhase;
			buildActionMask = 2147483647;
			files = (
				519E04AB230AA3BB00DA3658 /* LaunchScreen.storyboard in Resources */,
				519E04A8230AA3BB00DA3658 /* Assets.xcassets in Resources */,
				519E04A6230AA3B700DA3658 /* Main.storyboard in Resources */,
			);
			runOnlyForDeploymentPostprocessing = 0;
		};
/* End PBXResourcesBuildPhase section */

/* Begin PBXShellScriptBuildPhase section */
		3ABF694D5C4F044D1BDD4DF8 /* [CP] Embed Pods Frameworks */ = {
			isa = PBXShellScriptBuildPhase;
			buildActionMask = 2147483647;
			files = (
			);
			inputFileListPaths = (
				"${PODS_ROOT}/Target Support Files/Pods-AFdemo/Pods-AFdemo-frameworks-${CONFIGURATION}-input-files.xcfilelist",
			);
			name = "[CP] Embed Pods Frameworks";
			outputFileListPaths = (
				"${PODS_ROOT}/Target Support Files/Pods-AFdemo/Pods-AFdemo-frameworks-${CONFIGURATION}-output-files.xcfilelist",
			);
			runOnlyForDeploymentPostprocessing = 0;
			shellPath = /bin/sh;
			shellScript = "\"${PODS_ROOT}/Target Support Files/Pods-AFdemo/Pods-AFdemo-frameworks.sh\"\n";
			showEnvVarsInLog = 0;
		};
		6C430AE09B7C765ABB28E8BB /* [CP] Check Pods Manifest.lock */ = {
			isa = PBXShellScriptBuildPhase;
			buildActionMask = 2147483647;
			files = (
			);
			inputFileListPaths = (
			);
			inputPaths = (
				"${PODS_PODFILE_DIR_PATH}/Podfile.lock",
				"${PODS_ROOT}/Manifest.lock",
			);
			name = "[CP] Check Pods Manifest.lock";
			outputFileListPaths = (
			);
			outputPaths = (
				"$(DERIVED_FILE_DIR)/Pods-AFdemo-checkManifestLockResult.txt",
			);
			runOnlyForDeploymentPostprocessing = 0;
			shellPath = /bin/sh;
			shellScript = "diff \"${PODS_PODFILE_DIR_PATH}/Podfile.lock\" \"${PODS_ROOT}/Manifest.lock\" > /dev/null\nif [ $? != 0 ] ; then\n    # print error to STDERR\n    echo \"error: The sandbox is not in sync with the Podfile.lock. Run 'pod install' or update your CocoaPods installation.\" >&2\n    exit 1\nfi\n# This output is used by Xcode 'outputs' to avoid re-running this script phase.\necho \"SUCCESS\" > \"${SCRIPT_OUTPUT_FILE_0}\"\n";
			showEnvVarsInLog = 0;
		};
/* End PBXShellScriptBuildPhase section */

/* Begin PBXSourcesBuildPhase section */
		519E0499230AA3B700DA3658 /* Sources */ = {
			isa = PBXSourcesBuildPhase;
			buildActionMask = 2147483647;
			files = (
				519E04A3230AA3B700DA3658 /* ViewController.swift in Sources */,
				519E04A1230AA3B700DA3658 /* AppDelegate.swift in Sources */,
			);
			runOnlyForDeploymentPostprocessing = 0;
		};
/* End PBXSourcesBuildPhase section */

/* Begin PBXVariantGroup section */
		519E04A4230AA3B700DA3658 /* Main.storyboard */ = {
			isa = PBXVariantGroup;
			children = (
				519E04A5230AA3B700DA3658 /* Base */,
			);
			name = Main.storyboard;
			sourceTree = "<group>";
		};
		519E04A9230AA3BB00DA3658 /* LaunchScreen.storyboard */ = {
			isa = PBXVariantGroup;
			children = (
				519E04AA230AA3BB00DA3658 /* Base */,
			);
			name = LaunchScreen.storyboard;
			sourceTree = "<group>";
		};
/* End PBXVariantGroup section */

/* Begin XCBuildConfiguration section */
		519E04AD230AA3BB00DA3658 /* Debug */ = {
			isa = XCBuildConfiguration;
			buildSettings = {
				ALWAYS_SEARCH_USER_PATHS = NO;
				CLANG_ANALYZER_NONNULL = YES;
				CLANG_ANALYZER_NUMBER_OBJECT_CONVERSION = YES_AGGRESSIVE;
				CLANG_CXX_LANGUAGE_STANDARD = "gnu++14";
				CLANG_CXX_LIBRARY = "libc++";
				CLANG_ENABLE_MODULES = YES;
				CLANG_ENABLE_OBJC_ARC = YES;
				CLANG_ENABLE_OBJC_WEAK = YES;
				CLANG_WARN_BLOCK_CAPTURE_AUTORELEASING = YES;
				CLANG_WARN_BOOL_CONVERSION = YES;
				CLANG_WARN_COMMA = YES;
				CLANG_WARN_CONSTANT_CONVERSION = YES;
				CLANG_WARN_DEPRECATED_OBJC_IMPLEMENTATIONS = YES;
				CLANG_WARN_DIRECT_OBJC_ISA_USAGE = YES_ERROR;
				CLANG_WARN_DOCUMENTATION_COMMENTS = YES;
				CLANG_WARN_EMPTY_BODY = YES;
				CLANG_WARN_ENUM_CONVERSION = YES;
				CLANG_WARN_INFINITE_RECURSION = YES;
				CLANG_WARN_INT_CONVERSION = YES;
				CLANG_WARN_NON_LITERAL_NULL_CONVERSION = YES;
				CLANG_WARN_OBJC_IMPLICIT_RETAIN_SELF = YES;
				CLANG_WARN_OBJC_LITERAL_CONVERSION = YES;
				CLANG_WARN_OBJC_ROOT_CLASS = YES_ERROR;
				CLANG_WARN_RANGE_LOOP_ANALYSIS = YES;
				CLANG_WARN_STRICT_PROTOTYPES = YES;
				CLANG_WARN_SUSPICIOUS_MOVE = YES;
				CLANG_WARN_UNGUARDED_AVAILABILITY = YES_AGGRESSIVE;
				CLANG_WARN_UNREACHABLE_CODE = YES;
				CLANG_WARN__DUPLICATE_METHOD_MATCH = YES;
				CODE_SIGN_IDENTITY = "iPhone Developer";
				COPY_PHASE_STRIP = NO;
				DEBUG_INFORMATION_FORMAT = dwarf;
				ENABLE_STRICT_OBJC_MSGSEND = YES;
				ENABLE_TESTABILITY = YES;
				GCC_C_LANGUAGE_STANDARD = gnu11;
				GCC_DYNAMIC_NO_PIC = NO;
				GCC_NO_COMMON_BLOCKS = YES;
				GCC_OPTIMIZATION_LEVEL = 0;
				GCC_PREPROCESSOR_DEFINITIONS = (
					"DEBUG=1",
					"$(inherited)",
				);
				GCC_WARN_64_TO_32_BIT_CONVERSION = YES;
				GCC_WARN_ABOUT_RETURN_TYPE = YES_ERROR;
				GCC_WARN_UNDECLARED_SELECTOR = YES;
				GCC_WARN_UNINITIALIZED_AUTOS = YES_AGGRESSIVE;
				GCC_WARN_UNUSED_FUNCTION = YES;
				GCC_WARN_UNUSED_VARIABLE = YES;
				IPHONEOS_DEPLOYMENT_TARGET = 12.4;
				MTL_ENABLE_DEBUG_INFO = INCLUDE_SOURCE;
				MTL_FAST_MATH = YES;
				ONLY_ACTIVE_ARCH = YES;
				SDKROOT = iphoneos;
				SWIFT_ACTIVE_COMPILATION_CONDITIONS = DEBUG;
				SWIFT_OPTIMIZATION_LEVEL = "-Onone";
			};
			name = Debug;
		};
		519E04AE230AA3BB00DA3658 /* Release */ = {
			isa = XCBuildConfiguration;
			buildSettings = {
				ALWAYS_SEARCH_USER_PATHS = NO;
				CLANG_ANALYZER_NONNULL = YES;
				CLANG_ANALYZER_NUMBER_OBJECT_CONVERSION = YES_AGGRESSIVE;
				CLANG_CXX_LANGUAGE_STANDARD = "gnu++14";
				CLANG_CXX_LIBRARY = "libc++";
				CLANG_ENABLE_MODULES = YES;
				CLANG_ENABLE_OBJC_ARC = YES;
				CLANG_ENABLE_OBJC_WEAK = YES;
				CLANG_WARN_BLOCK_CAPTURE_AUTORELEASING = YES;
				CLANG_WARN_BOOL_CONVERSION = YES;
				CLANG_WARN_COMMA = YES;
				CLANG_WARN_CONSTANT_CONVERSION = YES;
				CLANG_WARN_DEPRECATED_OBJC_IMPLEMENTATIONS = YES;
				CLANG_WARN_DIRECT_OBJC_ISA_USAGE = YES_ERROR;
				CLANG_WARN_DOCUMENTATION_COMMENTS = YES;
				CLANG_WARN_EMPTY_BODY = YES;
				CLANG_WARN_ENUM_CONVERSION = YES;
				CLANG_WARN_INFINITE_RECURSION = YES;
				CLANG_WARN_INT_CONVERSION = YES;
				CLANG_WARN_NON_LITERAL_NULL_CONVERSION = YES;
				CLANG_WARN_OBJC_IMPLICIT_RETAIN_SELF = YES;
				CLANG_WARN_OBJC_LITERAL_CONVERSION = YES;
				CLANG_WARN_OBJC_ROOT_CLASS = YES_ERROR;
				CLANG_WARN_RANGE_LOOP_ANALYSIS = YES;
				CLANG_WARN_STRICT_PROTOTYPES = YES;
				CLANG_WARN_SUSPICIOUS_MOVE = YES;
				CLANG_WARN_UNGUARDED_AVAILABILITY = YES_AGGRESSIVE;
				CLANG_WARN_UNREACHABLE_CODE = YES;
				CLANG_WARN__DUPLICATE_METHOD_MATCH = YES;
				CODE_SIGN_IDENTITY = "iPhone Developer";
				COPY_PHASE_STRIP = NO;
				DEBUG_INFORMATION_FORMAT = "dwarf-with-dsym";
				ENABLE_NS_ASSERTIONS = NO;
				ENABLE_STRICT_OBJC_MSGSEND = YES;
				GCC_C_LANGUAGE_STANDARD = gnu11;
				GCC_NO_COMMON_BLOCKS = YES;
				GCC_WARN_64_TO_32_BIT_CONVERSION = YES;
				GCC_WARN_ABOUT_RETURN_TYPE = YES_ERROR;
				GCC_WARN_UNDECLARED_SELECTOR = YES;
				GCC_WARN_UNINITIALIZED_AUTOS = YES_AGGRESSIVE;
				GCC_WARN_UNUSED_FUNCTION = YES;
				GCC_WARN_UNUSED_VARIABLE = YES;
				IPHONEOS_DEPLOYMENT_TARGET = 12.4;
				MTL_ENABLE_DEBUG_INFO = NO;
				MTL_FAST_MATH = YES;
				SDKROOT = iphoneos;
				SWIFT_COMPILATION_MODE = wholemodule;
				SWIFT_OPTIMIZATION_LEVEL = "-O";
				VALIDATE_PRODUCT = YES;
			};
			name = Release;
		};
		519E04B0230AA3BB00DA3658 /* Debug */ = {
			isa = XCBuildConfiguration;
			baseConfigurationReference = FFB2B3FDD75BE841012B3D8B /* Pods-AFdemo.debug.xcconfig */;
			buildSettings = {
				ASSETCATALOG_COMPILER_APPICON_NAME = AppIcon;
				CODE_SIGN_STYLE = Automatic;
				DEVELOPMENT_TEAM = 9G7Y8LMWTE;
				INFOPLIST_FILE = AFdemo/Info.plist;
				IPHONEOS_DEPLOYMENT_TARGET = 13.0;
				LD_RUNPATH_SEARCH_PATHS = (
					"$(inherited)",
					"@executable_path/Frameworks",
				);
				PRODUCT_BUNDLE_IDENTIFIER = test.AFdemo;
				PRODUCT_NAME = "$(TARGET_NAME)";
				SWIFT_VERSION = 5.0;
				TARGETED_DEVICE_FAMILY = "1,2";
			};
			name = Debug;
		};
		519E04B1230AA3BB00DA3658 /* Release */ = {
			isa = XCBuildConfiguration;
			baseConfigurationReference = 5665A2391992B7A89B6BF3F1 /* Pods-AFdemo.release.xcconfig */;
			buildSettings = {
				ASSETCATALOG_COMPILER_APPICON_NAME = AppIcon;
				CODE_SIGN_STYLE = Automatic;
				DEVELOPMENT_TEAM = 9G7Y8LMWTE;
				INFOPLIST_FILE = AFdemo/Info.plist;
				IPHONEOS_DEPLOYMENT_TARGET = 13.0;
				LD_RUNPATH_SEARCH_PATHS = (
					"$(inherited)",
					"@executable_path/Frameworks",
				);
				PRODUCT_BUNDLE_IDENTIFIER = test.AFdemo;
				PRODUCT_NAME = "$(TARGET_NAME)";
				SWIFT_VERSION = 5.0;
				TARGETED_DEVICE_FAMILY = "1,2";
			};
			name = Release;
		};
/* End XCBuildConfiguration section */

/* Begin XCConfigurationList section */
		519E0498230AA3B700DA3658 /* Build configuration list for PBXProject "AFdemo" */ = {
			isa = XCConfigurationList;
			buildConfigurations = (
				519E04AD230AA3BB00DA3658 /* Debug */,
				519E04AE230AA3BB00DA3658 /* Release */,
			);
			defaultConfigurationIsVisible = 0;
			defaultConfigurationName = Release;
		};
		519E04AF230AA3BB00DA3658 /* Build configuration list for PBXNativeTarget "AFdemo" */ = {
			isa = XCConfigurationList;
			buildConfigurations = (
				519E04B0230AA3BB00DA3658 /* Debug */,
				519E04B1230AA3BB00DA3658 /* Release */,
			);
			defaultConfigurationIsVisible = 0;
			defaultConfigurationName = Release;
		};
/* End XCConfigurationList section */
	};
	rootObject = 519E0495230AA3B700DA3658 /* Project object */;
}
